
Microsoft Visual Studio Solution File, Format Version 12.00
# Visual Studio 14
VisualStudioVersion = 14.0.25420.1
MinimumVisualStudioVersion = 10.0.40219.1
Project("{FAE04EC0-301F-11D3-BF4B-00C04F79EFBC}") = "GridApp", "GridApp\GridApp.csproj", "{0B2C83CB-46AE-435A-8132-ADE5F23D20EE}"
EndProject
Project("{FAE04EC0-301F-11D3-BF4B-00C04F79EFBC}") = "PersonApp", "PersonApp\PersonApp.csproj", "{13333589-5075-4294-813E-539340C775BF}"
EndProject
Project("{FAE04EC0-301F-11D3-BF4B-00C04F79EFBC}") = "teht01", "teht01\teht01.csproj", "{D27DA952-D585-4BDB-8606-48F490B30416}"
EndProject
Global
	GlobalSection(SolutionConfigurationPlatforms) = preSolution
		Debug|ARM = Debug|ARM
		Debug|x64 = Debug|x64
		Debug|x86 = Debug|x86
		Release|ARM = Release|ARM
		Release|x64 = Release|x64
		Release|x86 = Release|x86
	EndGlobalSection
	GlobalSection(ProjectConfigurationPlatforms) = postSolution
		{0B2C83CB-46AE-435A-8132-ADE5F23D20EE}.Debug|ARM.ActiveCfg = Debug|ARM
		{0B2C83CB-46AE-435A-8132-ADE5F23D20EE}.Debug|ARM.Build.0 = Debug|ARM
		{0B2C83CB-46AE-435A-8132-ADE5F23D20EE}.Debug|ARM.Deploy.0 = Debug|ARM
		{0B2C83CB-46AE-435A-8132-ADE5F23D20EE}.Debug|x64.ActiveCfg = Debug|x64
		{0B2C83CB-46AE-435A-8132-ADE5F23D20EE}.Debug|x64.Build.0 = Debug|x64
		{0B2C83CB-46AE-435A-8132-ADE5F23D20EE}.Debug|x64.Deploy.0 = Debug|x64
		{0B2C83CB-46AE-435A-8132-ADE5F23D20EE}.Debug|x86.ActiveCfg = Debug|x86
		{0B2C83CB-46AE-435A-8132-ADE5F23D20EE}.Debug|x86.Build.0 = Debug|x86
		{0B2C83CB-46AE-435A-8132-ADE5F23D20EE}.Debug|x86.Deploy.0 = Debug|x86
		{0B2C83CB-46AE-435A-8132-ADE5F23D20EE}.Release|ARM.ActiveCfg = Release|ARM
		{0B2C83CB-46AE-435A-8132-ADE5F23D20EE}.Release|ARM.Build.0 = Release|ARM
		{0B2C83CB-46AE-435A-8132-ADE5F23D20EE}.Release|ARM.Deploy.0 = Release|ARM
		{0B2C83CB-46AE-435A-8132-ADE5F23D20EE}.Release|x64.ActiveCfg = Release|x64
		{0B2C83CB-46AE-435A-8132-ADE5F23D20EE}.Release|x64.Build.0 = Release|x64
		{0B2C83CB-46AE-435A-8132-ADE5F23D20EE}.Release|x64.Deploy.0 = Release|x64
		{0B2C83CB-46AE-435A-8132-ADE5F23D20EE}.Release|x86.ActiveCfg = Release|x86
		{0B2C83CB-46AE-435A-8132-ADE5F23D20EE}.Release|x86.Build.0 = Release|x86
		{0B2C83CB-46AE-435A-8132-ADE5F23D20EE}.Release|x86.Deploy.0 = Release|x86
		{13333589-5075-4294-813E-539340C775BF}.Debug|ARM.ActiveCfg = Debug|ARM
		{13333589-5075-4294-813E-539340C775BF}.Debug|ARM.Build.0 = Debug|ARM
		{13333589-5075-4294-813E-539340C775BF}.Debug|ARM.Deploy.0 = Debug|ARM
		{13333589-5075-4294-813E-539340C775BF}.Debug|x64.ActiveCfg = Debug|x64
		{13333589-5075-4294-813E-539340C775BF}.Debug|x64.Build.0 = Debug|x64
		{13333589-5075-4294-813E-539340C775BF}.Debug|x64.Deploy.0 = Debug|x64
		{13333589-5075-4294-813E-539340C775BF}.Debug|x86.ActiveCfg = Debug|x86
		{13333589-5075-4294-813E-539340C775BF}.Debug|x86.Build.0 = Debug|x86
		{13333589-5075-4294-813E-539340C775BF}.Debug|x86.Deploy.0 = Debug|x86
		{13333589-5075-4294-813E-539340C775BF}.Release|ARM.ActiveCfg = Release|ARM
		{13333589-5075-4294-813E-539340C775BF}.Release|ARM.Build.0 = Release|ARM
		{13333589-5075-4294-813E-539340C775BF}.Release|ARM.Deploy.0 = Release|ARM
		{13333589-5075-4294-813E-539340C775BF}.Release|x64.ActiveCfg = Release|x64
		{13333589-5075-4294-813E-539340C775BF}.Release|x64.Build.0 = Release|x64
		{13333589-5075-4294-813E-539340C775BF}.Release|x64.Deploy.0 = Release|x64
		{13333589-5075-4294-813E-539340C775BF}.Release|x86.ActiveCfg = Release|x86
		{13333589-5075-4294-813E-539340C775BF}.Release|x86.Build.0 = Release|x86
		{13333589-5075-4294-813E-539340C775BF}.Release|x86.Deploy.0 = Release|x86
		{D27DA952-D585-4BDB-8606-48F490B30416}.Debug|ARM.ActiveCfg = Debug|ARM
		{D27DA952-D585-4BDB-8606-48F490B30416}.Debug|ARM.Build.0 = Debug|ARM
		{D27DA952-D585-4BDB-8606-48F490B30416}.Debug|ARM.Deploy.0 = Debug|ARM
		{D27DA952-D585-4BDB-8606-48F490B30416}.Debug|x64.ActiveCfg = Debug|x64
		{D27DA952-D585-4BDB-8606-48F490B30416}.Debug|x64.Build.0 = Debug|x64
		{D27DA952-D585-4BDB-8606-48F490B30416}.Debug|x64.Deploy.0 = Debug|x64
		{D27DA952-D585-4BDB-8606-48F490B30416}.Debug|x86.ActiveCfg = Debug|x86
		{D27DA952-D585-4BDB-8606-48F490B30416}.Debug|x86.Build.0 = Debug|x86
		{D27DA952-D585-4BDB-8606-48F490B30416}.Debug|x86.Deploy.0 = Debug|x86
		{D27DA952-D585-4BDB-8606-48F490B30416}.Release|ARM.ActiveCfg = Release|ARM
		{D27DA952-D585-4BDB-8606-48F490B30416}.Release|ARM.Build.0 = Release|ARM
		{D27DA952-D585-4BDB-8606-48F490B30416}.Release|ARM.Deploy.0 = Release|ARM
		{D27DA952-D585-4BDB-8606-48F490B30416}.Release|x64.ActiveCfg = Release|x64
		{D27DA952-D585-4BDB-8606-48F490B30416}.Release|x64.Build.0 = Release|x64
		{D27DA952-D585-4BDB-8606-48F490B30416}.Release|x64.Deploy.0 = Release|x64
		{D27DA952-D585-4BDB-8606-48F490B30416}.Release|x86.ActiveCfg = Release|x86
		{D27DA952-D585-4BDB-8606-48F490B30416}.Release|x86.Build.0 = Release|x86
		{D27DA952-D585-4BDB-8606-48F490B30416}.Release|x86.Deploy.0 = Release|x86
	EndGlobalSection
	GlobalSection(SolutionProperties) = preSolution
		HideSolutionNode = FALSE
	EndGlobalSection
EndGlobal
